{
  "name": "techradar",
  "version": "0.0.0",
  "lockfileVersion": 3,
  "requires": true,
  "packages": {
    "": {
      "name": "techradar",
      "version": "0.0.0",
      "dependencies": {
        "jasmine-core": "^5.1.1",
        "lodash": "^4.17.21"
      },
      "devDependencies": {
        "typescript": "^3.7.4"
      }
    },
    "node_modules/jasmine-core": {
      "version": "5.13.0",
      "resolved": "https://registry.npmjs.org/jasmine-core/-/jasmine-core-5.13.0.tgz",
      "integrity": "sha512-vsYjfh7lyqvZX5QgqKc4YH8phs7g96Z8bsdIFNEU3VqXhlHaq+vov/Fgn/sr6MiUczdZkyXRC3TX369Ll4Nzbw=="
    },
    "node_modules/lodash": {
      "version": "4.17.21",
      "resolved": "https://registry.npmjs.org/lodash/-/lodash-4.17.21.tgz",
      "integrity": "sha512-v2kDEe57lecTulaDIuNTPy3Ry4gLGJ6Z1O3vE1krgXZNrsQ+LFTGHVxVjcXPs17LhbZVGedAJv8XZ1tvj5FvSg=="
    },
    "node_modules/typescript": {
      "version": "3.9.10",
      "resolved": "https://registry.npmjs.org/typescript/-/typescript-3.9.10.tgz",
      "integrity": "sha512-w6fIxVE/H1PkLKcCPsFqKE7Kv7QUwhU8qQY2MueZXWx5cPZdwFupLgKK3vntcK98BtNHZtAF4LA/yl2a7k8R6Q==",
      "dev": true,
      "bin": {
        "tsc": "bin/tsc",
        "tsserver": "bin/tsserver"
      },
      "engines": {
        "node": ">=4.2.0"
      }
    }
  }
}
